
Microsoft Visual Studio Solution File, Format Version 12.00
# Visual Studio 15
VisualStudioVersion = 15.0.27703.2000
MinimumVisualStudioVersion = 10.0.40219.1
Project("{FAE04EC0-301F-11D3-BF4B-00C04F79EFBC}") = "htcpcp-net", "htcpcp-net\htcpcp-net.csproj", "{92D6879D-0BEC-4172-A2B2-5334D6C917A3}"
EndProject
Project("{FAE04EC0-301F-11D3-BF4B-00C04F79EFBC}") = "TestApp", "TestApp\TestApp.csproj", "{C92553AF-F020-43AD-8EA7-0CF6CCE6EAB3}"
EndProject
Global
	GlobalSection(SolutionConfigurationPlatforms) = preSolution
		Debug|Any CPU = Debug|Any CPU
		Release|Any CPU = Release|Any CPU
	EndGlobalSection
	GlobalSection(ProjectConfigurationPlatforms) = postSolution
		{92D6879D-0BEC-4172-A2B2-5334D6C917A3}.Debug|Any CPU.ActiveCfg = Debug|Any CPU
		{92D6879D-0BEC-4172-A2B2-5334D6C917A3}.Debug|Any CPU.Build.0 = Debug|Any CPU
		{92D6879D-0BEC-4172-A2B2-5334D6C917A3}.Release|Any CPU.ActiveCfg = Release|Any CPU
		{92D6879D-0BEC-4172-A2B2-5334D6C917A3}.Release|Any CPU.Build.0 = Release|Any CPU
		{C92553AF-F020-43AD-8EA7-0CF6CCE6EAB3}.Debug|Any CPU.ActiveCfg = Debug|Any CPU
		{C92553AF-F020-43AD-8EA7-0CF6CCE6EAB3}.Debug|Any CPU.Build.0 = Debug|Any CPU
		{C92553AF-F020-43AD-8EA7-0CF6CCE6EAB3}.Release|Any CPU.ActiveCfg = Release|Any CPU
		{C92553AF-F020-43AD-8EA7-0CF6CCE6EAB3}.Release|Any CPU.Build.0 = Release|Any CPU
	EndGlobalSection
	GlobalSection(SolutionProperties) = preSolution
		HideSolutionNode = FALSE
	EndGlobalSection
	GlobalSection(ExtensibilityGlobals) = postSolution
		SolutionGuid = {456EA7A8-FABD-4A30-8896-901F04A2C18E}
	EndGlobalSection
EndGlobal
